
Microsoft Visual Studio Solution File, Format Version 12.00
# Visual Studio Version 17
VisualStudioVersion = 17.13.35931.197 d17.13
MinimumVisualStudioVersion = 10.0.40219.1
Project("{FAE04EC0-301F-11D3-BF4B-00C04F79EFBC}") = "After_EncapsulateField", "After_EncapsulateField\After_EncapsulateField.csproj", "{951F2168-0FA0-4CE6-92BB-042F5064B46F}"
EndProject
Project("{FAE04EC0-301F-11D3-BF4B-00C04F79EFBC}") = "Before_EncapsulateField", "Before_EncapsulateField\Before_EncapsulateField.csproj", "{3A54C66F-BF09-4711-BF06-DF4B74151AB5}"
EndProject
Global
	GlobalSection(SolutionConfigurationPlatforms) = preSolution
		Debug|Any CPU = Debug|Any CPU
		Release|Any CPU = Release|Any CPU
	EndGlobalSection
	GlobalSection(ProjectConfigurationPlatforms) = postSolution
		{951F2168-0FA0-4CE6-92BB-042F5064B46F}.Debug|Any CPU.ActiveCfg = Debug|Any CPU
		{951F2168-0FA0-4CE6-92BB-042F5064B46F}.Debug|Any CPU.Build.0 = Debug|Any CPU
		{951F2168-0FA0-4CE6-92BB-042F5064B46F}.Release|Any CPU.ActiveCfg = Release|Any CPU
		{951F2168-0FA0-4CE6-92BB-042F5064B46F}.Release|Any CPU.Build.0 = Release|Any CPU
		{3A54C66F-BF09-4711-BF06-DF4B74151AB5}.Debug|Any CPU.ActiveCfg = Debug|Any CPU
		{3A54C66F-BF09-4711-BF06-DF4B74151AB5}.Debug|Any CPU.Build.0 = Debug|Any CPU
		{3A54C66F-BF09-4711-BF06-DF4B74151AB5}.Release|Any CPU.ActiveCfg = Release|Any CPU
		{3A54C66F-BF09-4711-BF06-DF4B74151AB5}.Release|Any CPU.Build.0 = Release|Any CPU
	EndGlobalSection
	GlobalSection(SolutionProperties) = preSolution
		HideSolutionNode = FALSE
	EndGlobalSection
	GlobalSection(ExtensibilityGlobals) = postSolution
		SolutionGuid = {47014C9B-288E-4D5E-BB1F-9B801909F1C7}
	EndGlobalSection
EndGlobal
