
Microsoft Visual Studio Solution File, Format Version 12.00
# Visual Studio Version 17
VisualStudioVersion = 17.13.35931.197 d17.13
MinimumVisualStudioVersion = 10.0.40219.1
Project("{FAE04EC0-301F-11D3-BF4B-00C04F79EFBC}") = "Before_ReplaceMagicNumberwithSymbolicConstant", "Before_ReplaceMagicNumberwithSymbolicConstant\Before_ReplaceMagicNumberwithSymbolicConstant.csproj", "{2E44C8E5-4593-4AC6-83B6-691EEEB24C55}"
EndProject
Project("{FAE04EC0-301F-11D3-BF4B-00C04F79EFBC}") = "After_ReplaceMagicNumberwithSymbolicConstant", "After_ReplaceMagicNumberwithSymbolicConstant\After_ReplaceMagicNumberwithSymbolicConstant.csproj", "{EE158F31-BF98-427B-BE06-C64319A56233}"
EndProject
Global
	GlobalSection(SolutionConfigurationPlatforms) = preSolution
		Debug|Any CPU = Debug|Any CPU
		Release|Any CPU = Release|Any CPU
	EndGlobalSection
	GlobalSection(ProjectConfigurationPlatforms) = postSolution
		{2E44C8E5-4593-4AC6-83B6-691EEEB24C55}.Debug|Any CPU.ActiveCfg = Debug|Any CPU
		{2E44C8E5-4593-4AC6-83B6-691EEEB24C55}.Debug|Any CPU.Build.0 = Debug|Any CPU
		{2E44C8E5-4593-4AC6-83B6-691EEEB24C55}.Release|Any CPU.ActiveCfg = Release|Any CPU
		{2E44C8E5-4593-4AC6-83B6-691EEEB24C55}.Release|Any CPU.Build.0 = Release|Any CPU
		{EE158F31-BF98-427B-BE06-C64319A56233}.Debug|Any CPU.ActiveCfg = Debug|Any CPU
		{EE158F31-BF98-427B-BE06-C64319A56233}.Debug|Any CPU.Build.0 = Debug|Any CPU
		{EE158F31-BF98-427B-BE06-C64319A56233}.Release|Any CPU.ActiveCfg = Release|Any CPU
		{EE158F31-BF98-427B-BE06-C64319A56233}.Release|Any CPU.Build.0 = Release|Any CPU
	EndGlobalSection
	GlobalSection(SolutionProperties) = preSolution
		HideSolutionNode = FALSE
	EndGlobalSection
	GlobalSection(ExtensibilityGlobals) = postSolution
		SolutionGuid = {3CF15C64-5B69-4F79-9BB8-A4DE0441D57B}
	EndGlobalSection
EndGlobal
