
Microsoft Visual Studio Solution File, Format Version 12.00
# Visual Studio Version 17
VisualStudioVersion = 17.13.35931.197 d17.13
MinimumVisualStudioVersion = 10.0.40219.1
Project("{FAE04EC0-301F-11D3-BF4B-00C04F79EFBC}") = "After_ChangeReferencetoValue", "After_ChangeReferencetoValue\After_ChangeReferencetoValue.csproj", "{DE1EB2A0-06D2-4AD9-8ABF-8E02862ADD2C}"
EndProject
Project("{FAE04EC0-301F-11D3-BF4B-00C04F79EFBC}") = "Before_ChangeReferencetoValue", "Before_ChangeReferencetoValue\Before_ChangeReferencetoValue.csproj", "{12E69F46-23EB-406C-AB73-E9CCD8555EF7}"
EndProject
Global
	GlobalSection(SolutionConfigurationPlatforms) = preSolution
		Debug|Any CPU = Debug|Any CPU
		Release|Any CPU = Release|Any CPU
	EndGlobalSection
	GlobalSection(ProjectConfigurationPlatforms) = postSolution
		{DE1EB2A0-06D2-4AD9-8ABF-8E02862ADD2C}.Debug|Any CPU.ActiveCfg = Debug|Any CPU
		{DE1EB2A0-06D2-4AD9-8ABF-8E02862ADD2C}.Debug|Any CPU.Build.0 = Debug|Any CPU
		{DE1EB2A0-06D2-4AD9-8ABF-8E02862ADD2C}.Release|Any CPU.ActiveCfg = Release|Any CPU
		{DE1EB2A0-06D2-4AD9-8ABF-8E02862ADD2C}.Release|Any CPU.Build.0 = Release|Any CPU
		{12E69F46-23EB-406C-AB73-E9CCD8555EF7}.Debug|Any CPU.ActiveCfg = Debug|Any CPU
		{12E69F46-23EB-406C-AB73-E9CCD8555EF7}.Debug|Any CPU.Build.0 = Debug|Any CPU
		{12E69F46-23EB-406C-AB73-E9CCD8555EF7}.Release|Any CPU.ActiveCfg = Release|Any CPU
		{12E69F46-23EB-406C-AB73-E9CCD8555EF7}.Release|Any CPU.Build.0 = Release|Any CPU
	EndGlobalSection
	GlobalSection(SolutionProperties) = preSolution
		HideSolutionNode = FALSE
	EndGlobalSection
	GlobalSection(ExtensibilityGlobals) = postSolution
		SolutionGuid = {6F8CB669-DF28-454A-A39C-48F2CB02ED8E}
	EndGlobalSection
EndGlobal
