
Microsoft Visual Studio Solution File, Format Version 12.00
# Visual Studio Version 17
VisualStudioVersion = 17.13.35931.197 d17.13
MinimumVisualStudioVersion = 10.0.40219.1
Project("{FAE04EC0-301F-11D3-BF4B-00C04F79EFBC}") = "Before_RemoveMiddleMan", "Before_RemoveMiddleMan\Before_RemoveMiddleMan.csproj", "{C30A8705-B5E3-4E4E-A66F-3533F0E5BB75}"
EndProject
Global
	GlobalSection(SolutionConfigurationPlatforms) = preSolution
		Debug|Any CPU = Debug|Any CPU
		Release|Any CPU = Release|Any CPU
	EndGlobalSection
	GlobalSection(ProjectConfigurationPlatforms) = postSolution
		{C30A8705-B5E3-4E4E-A66F-3533F0E5BB75}.Debug|Any CPU.ActiveCfg = Debug|Any CPU
		{C30A8705-B5E3-4E4E-A66F-3533F0E5BB75}.Debug|Any CPU.Build.0 = Debug|Any CPU
		{C30A8705-B5E3-4E4E-A66F-3533F0E5BB75}.Release|Any CPU.ActiveCfg = Release|Any CPU
		{C30A8705-B5E3-4E4E-A66F-3533F0E5BB75}.Release|Any CPU.Build.0 = Release|Any CPU
	EndGlobalSection
	GlobalSection(SolutionProperties) = preSolution
		HideSolutionNode = FALSE
	EndGlobalSection
	GlobalSection(ExtensibilityGlobals) = postSolution
		SolutionGuid = {CEE3DD28-4D80-432D-B7C7-BB1FC02578F9}
	EndGlobalSection
EndGlobal
